{
  "nodes": {
    "agenix": {
      "inputs": {
        "darwin": [],
        "home-manager": "home-manager",
        "nixpkgs": [
          "nixpkgs"
        ],
        "systems": "systems"
      },
      "locked": {
        "lastModified": 1770165109,
        "narHash": "sha256-9VnK6Oqai65puVJ4WYtCTvlJeXxMzAp/69HhQuTdl/I=",
        "owner": "ryantm",
        "repo": "agenix",
        "rev": "b027ee29d959fda4b60b57566d64c98a202e0feb",
        "type": "github"
      },
      "original": {
        "owner": "ryantm",
        "repo": "agenix",
        "type": "github"
      }
    },
    "comin": {
      "inputs": {
        "flake-compat": "flake-compat",
        "nixpkgs": [
          "nixpkgs"
        ],
        "treefmt-nix": "treefmt-nix"
      },
      "locked": {
        "lastModified": 1787549241,
        "narHash": "sha256-DoJkxpIWIOBkrHBpmZUDBhguJlt6vOo3KuUIq7zOHjw=",
        "owner": "nlewo",
        "repo": "comin",
        "rev": "ffeadf34d3daba1790d4dcc810c1ab301178e752",
        "type": "github"
      },
      "original": {
        "owner": "nlewo",
        "repo": "comin",
        "type": "github"
      }
    },
    "disko": {
      "inputs": {
        "nixpkgs": [
          "nixpkgs"
        ]
      },
      "locked": {
        "lastModified": 1781152676,
        "narHash": "sha256-RxWs5ND31KzTG7wvMM+PMfUjyNpmIEr999lqNARaM5o=",
        "owner": "nix-community",
        "repo": "disko",
        "rev": "ff8702b4de27f72b4c78573dfb89ec74e36abdf1",
        "type": "github"
      },
      "original": {
        "owner": "nix-community",
        "repo": "disko",
        "type": "github"
      }
    },
    "flake-compat": {
      "flake": false,
      "locked": {
        "lastModified": 1765121682,
        "narHash": "sha256-4VBOP18BFeiPkyhy9o4ssBNQEvfvv1kXkasAYd0+rrA=",
        "owner": "NixOS",
        "repo": "flake-compat",
        "rev": "65f23138d8d09a92e30f1e5c87611b23ef451bf3",
        "type": "github"
      },
      "original": {
        "owner": "NixOS",
        "repo": "flake-compat",
        "type": "github"
      }
    },
    "hardware-intel-n100": {
      "flake": false,
      "locked": {
        "path": "./hardware/intel-n100",
        "type": "path"
      },
      "original": {
        "path": "./hardware/intel-n100",
        "type": "path"
      },
      "parent": []
    },
    "home-manager": {
      "inputs": {
        "nixpkgs": [
          "agenix",
          "nixpkgs"
        ]
      },
      "locked": {
        "lastModified": 1745494811,
        "narHash": "sha256-YZCh2o9Ua1n9uCvrvi5pRxtuVNml8X2a03qIFfRKpFs=",
        "owner": "nix-community",
        "repo": "home-manager",
        "rev": "abfad3d2958c9e6300a883bd443512c55dfeb1be",
        "type": "github"
      },
      "original": {
        "owner": "nix-community",
        "repo": "home-manager",
        "type": "github"
      }
    },
    "home-manager_2": {
      "inputs": {
        "nixpkgs": [
          "impermanence",
          "nixpkgs"
        ]
      },
      "locked": {
        "lastModified": 1768598210,
        "narHash": "sha256-kkgA32s/f4jaa4UG+2f8C225Qvclxnqs76mf8zvTVPg=",
        "owner": "nix-community",
        "repo": "home-manager",
        "rev": "c47b2cc64a629f8e075de52e4742de688f930dc6",
        "type": "github"
      },
      "original": {
        "owner": "nix-community",
        "repo": "home-manager",
        "type": "github"
      }
    },
    "impermanence": {
      "inputs": {
        "home-manager": "home-manager_2",
        "nixpkgs": [
          "nixpkgs"
        ]
      },
      "locked": {
        "lastModified": 1769548169,
        "narHash": "sha256-03+JxvzmfwRu+5JafM0DLbxgHttOQZkUtDWBmeUkN8Y=",
        "owner": "nix-community",
        "repo": "impermanence",
        "rev": "7b1d382faf603b6d264f58627330f9faa5cba149",
        "type": "github"
      },
      "original": {
        "owner": "nix-community",
        "repo": "impermanence",
        "type": "github"
      }
    },
    "module-ephemeral-root": {
      "flake": false,
      "locked": {
        "path": "./modules/ephemeral-root",
        "type": "path"
      },
      "original": {
        "path": "./modules/ephemeral-root",
        "type": "path"
      },
      "parent": []
    },
    "module-git-cache-proxy": {
      "flake": false,
      "locked": {
        "path": "./modules/git-cache-proxy",
        "type": "path"
      },
      "original": {
        "path": "./modules/git-cache-proxy",
        "type": "path"
      },
      "parent": []
    },
    "module-llm-gateway": {
      "flake": false,
      "locked": {
        "path": "./modules/llm-gateway",
        "type": "path"
      },
      "original": {
        "path": "./modules/llm-gateway",
        "type": "path"
      },
      "parent": []
    },
    "module-pi": {
      "flake": false,
      "locked": {
        "path": "./modules/pi",
        "type": "path"
      },
      "original": {
        "path": "./modules/pi",
        "type": "path"
      },
      "parent": []
    },
    "module-pi-acp-daemon": {
      "flake": false,
      "locked": {
        "path": "./modules/pi-acp-daemon",
        "type": "path"
      },
      "original": {
        "path": "./modules/pi-acp-daemon",
        "type": "path"
      },
      "parent": []
    },
    "module-rns-server": {
      "flake": false,
      "locked": {
        "path": "./modules/rns-server",
        "type": "path"
      },
      "original": {
        "path": "./modules/rns-server",
        "type": "path"
      },
      "parent": []
    },
    "module-rnsh": {
      "flake": false,
      "locked": {
        "path": "./modules/rnsh",
        "type": "path"
      },
      "original": {
        "path": "./modules/rnsh",
        "type": "path"
      },
      "parent": []
    },
    "module-wireless": {
      "flake": false,
      "locked": {
        "path": "./modules/wireless",
        "type": "path"
      },
      "original": {
        "path": "./modules/wireless",
        "type": "path"
      },
      "parent": []
    },
    "module-wireless-hotspot": {
      "flake": false,
      "locked": {
        "path": "./modules/wireless-hotspot",
        "type": "path"
      },
      "original": {
        "path": "./modules/wireless-hotspot",
        "type": "path"
      },
      "parent": []
    },
    "nixos-hardware": {
      "inputs": {
        "nixpkgs": [
          "nixpkgs"
        ]
      },
      "locked": {
        "lastModified": 1788335262,
        "narHash": "sha256-3jBEq8avfzlrsY4UpW4d5TOmm7ocseZfnitEJhqauyc=",
        "owner": "NixOS",
        "repo": "nixos-hardware",
        "rev": "44d95795ee2d475b3d687325e26dcf4ca9104557",
        "type": "github"
      },
      "original": {
        "owner": "NixOS",
        "repo": "nixos-hardware",
        "type": "github"
      }
    },
    "nixpkgs": {
      "locked": {
        "lastModified": 1770107345,
        "narHash": "sha256-tbS0Ebx2PiA1FRW8mt8oejR0qMXmziJmPaU1d4kYY9g=",
        "owner": "nixos",
        "repo": "nixpkgs",
        "rev": "4533d9293756b63904b7238acb84ac8fe4c8c2c4",
        "type": "github"
      },
      "original": {
        "owner": "nixos",
        "ref": "nixpkgs-unstable",
        "repo": "nixpkgs",
        "type": "github"
      }
    },
    "nixpkgs_2": {
      "locked": {
        "lastModified": 1788316716,
        "narHash": "sha256-bc7rSpXIdn9QWGNqfWcPZWOhEVF8NoeAZkWq0XWnf/k=",
        "owner": "NixOS",
        "repo": "nixpkgs",
        "rev": "3ed67ec0a4d3c7ab4ae1f04f8ee8df07bfa506a2",
        "type": "github"
      },
      "original": {
        "owner": "NixOS",
        "ref": "nixos-unstable",
        "repo": "nixpkgs",
        "type": "github"
      }
    },
    "profiles": {
      "flake": false,
      "locked": {
        "path": "./profiles",
        "type": "path"
      },
      "original": {
        "path": "./profiles",
        "type": "path"
      },
      "parent": []
    },
    "rns-rs": {
      "flake": false,
      "locked": {
        "path": "./packages/rns-rs",
        "type": "path"
      },
      "original": {
        "path": "./packages/rns-rs",
        "type": "path"
      },
      "parent": []
    },
    "root": {
      "inputs": {
        "agenix": "agenix",
        "comin": "comin",
        "disko": "disko",
        "hardware-intel-n100": "hardware-intel-n100",
        "impermanence": "impermanence",
        "module-ephemeral-root": "module-ephemeral-root",
        "module-git-cache-proxy": "module-git-cache-proxy",
        "module-llm-gateway": "module-llm-gateway",
        "module-pi": "module-pi",
        "module-pi-acp-daemon": "module-pi-acp-daemon",
        "module-rns-server": "module-rns-server",
        "module-rnsh": "module-rnsh",
        "module-wireless": "module-wireless",
        "module-wireless-hotspot": "module-wireless-hotspot",
        "nixos-hardware": "nixos-hardware",
        "nixpkgs": "nixpkgs_2",
        "profiles": "profiles",
        "rns-rs": "rns-rs"
      }
    },
    "systems": {
      "locked": {
        "lastModified": 1681028828,
        "narHash": "sha256-Vy1rq5AaRuLzOxct8nz4T6wlgyUR7zLU309k9mBC768=",
        "owner": "nix-systems",
        "repo": "default",
        "rev": "da67096a3b9bf56a91d16901293e51ba5b49a27e",
        "type": "github"
      },
      "original": {
        "owner": "nix-systems",
        "repo": "default",
        "type": "github"
      }
    },
    "treefmt-nix": {
      "inputs": {
        "nixpkgs": "nixpkgs"
      },
      "locked": {
        "lastModified": 1770228511,
        "narHash": "sha256-wQ6NJSuFqAEmIg2VMnLdCnUc0b7vslUohqqGGD+Fyxk=",
        "owner": "numtide",
        "repo": "treefmt-nix",
        "rev": "337a4fe074be1042a35086f15481d763b8ddc0e7",
        "type": "github"
      },
      "original": {
        "owner": "numtide",
        "repo": "treefmt-nix",
        "type": "github"
      }
    }
  },
  "root": "root",
  "version": 7
}
